// !$*UTF8*$!
{
	archiveVersion = 1;
	classes = {
	};
	objectVersion = 50;
	objects = {

/* Begin PBXBuildFile section */
		621D1F8321586492007E9AA3 /* FollowersViewController.swift in Sources */ = {isa = PBXBuildFile; fileRef = 621D1F8221586492007E9AA3 /* FollowersViewController.swift */; };
		621D1F8521586A80007E9AA3 /* FollowerTableViewCell.swift in Sources */ = {isa = PBXBuildFile; fileRef = 621D1F8421586A80007E9AA3 /* FollowerTableViewCell.swift */; };
		621D1F872159AA5F007E9AA3 /* FollowersDatasource.swift in Sources */ = {isa = PBXBuildFile; fileRef = 621D1F862159AA5F007E9AA3 /* FollowersDatasource.swift */; };
		621D1F892159B09D007E9AA3 /* HTTPClient.swift in Sources */ = {isa = PBXBuildFile; fileRef = 621D1F882159B09D007E9AA3 /* HTTPClient.swift */; };
		621D1F8B2159B1A9007E9AA3 /* TonsserApi.swift in Sources */ = {isa = PBXBuildFile; fileRef = 621D1F8A2159B1A9007E9AA3 /* TonsserApi.swift */; };
		621D1F90215AD617007E9AA3 /* User.swift in Sources */ = {isa = PBXBuildFile; fileRef = 621D1F8F215AD617007E9AA3 /* User.swift */; };
		629DA8C5215C4F4C007E44C2 /* TonsserProfileViewController.swift in Sources */ = {isa = PBXBuildFile; fileRef = 629DA8C4215C4F4C007E44C2 /* TonsserProfileViewController.swift */; };
		629DA8C7215FA4A1007E44C2 /* Team.swift in Sources */ = {isa = PBXBuildFile; fileRef = 629DA8C6215FA4A1007E44C2 /* Team.swift */; };
		62F62BB12150436600C80070 /* AppDelegate.swift in Sources */ = {isa = PBXBuildFile; fileRef = 62F62BB02150436600C80070 /* AppDelegate.swift */; };
		62F62BB62150436600C80070 /* Main.storyboard in Resources */ = {isa = PBXBuildFile; fileRef = 62F62BB42150436600C80070 /* Main.storyboard */; };
		62F62BB82150436700C80070 /* Assets.xcassets in Resources */ = {isa = PBXBuildFile; fileRef = 62F62BB72150436700C80070 /* Assets.xcassets */; };
		62F62BBB2150436700C80070 /* LaunchScreen.storyboard in Resources */ = {isa = PBXBuildFile; fileRef = 62F62BB92150436700C80070 /* LaunchScreen.storyboard */; };
		62F62BD121504D3000C80070 /* Podfile in Resources */ = {isa = PBXBuildFile; fileRef = 62F62BD021504D3000C80070 /* Podfile */; };
		AAE1CB533D197751014F5400 /* Pods_Tonsser.framework in Frameworks */ = {isa = PBXBuildFile; fileRef = 2058C1586DE0D3EFC1C47A3B /* Pods_Tonsser.framework */; };
/* End PBXBuildFile section */

/* Begin PBXFileReference section */
		1BD785AA449B7BA233186B00 /* Pods-Tonsser.release.xcconfig */ = {isa = PBXFileReference; includeInIndex = 1; lastKnownFileType = text.xcconfig; name = "Pods-Tonsser.release.xcconfig"; path = "Pods/Target Support Files/Pods-Tonsser/Pods-Tonsser.release.xcconfig"; sourceTree = "<group>"; };
		2058C1586DE0D3EFC1C47A3B /* Pods_Tonsser.framework */ = {isa = PBXFileReference; explicitFileType = wrapper.framework; includeInIndex = 0; path = Pods_Tonsser.framework; sourceTree = BUILT_PRODUCTS_DIR; };
		5EB09B3F691746A0708BB7B1 /* Pods-Tonsser.debug.xcconfig */ = {isa = PBXFileReference; includeInIndex = 1; lastKnownFileType = text.xcconfig; name = "Pods-Tonsser.debug.xcconfig"; path = "Pods/Target Support Files/Pods-Tonsser/Pods-Tonsser.debug.xcconfig"; sourceTree = "<group>"; };
		621D1F8221586492007E9AA3 /* FollowersViewController.swift */ = {isa = PBXFileReference; lastKnownFileType = sourcecode.swift; path = FollowersViewController.swift; sourceTree = "<group>"; };
		621D1F8421586A80007E9AA3 /* FollowerTableViewCell.swift */ = {isa = PBXFileReference; lastKnownFileType = sourcecode.swift; path = FollowerTableViewCell.swift; sourceTree = "<group>"; };
		621D1F862159AA5F007E9AA3 /* FollowersDatasource.swift */ = {isa = PBXFileReference; lastKnownFileType = sourcecode.swift; path = FollowersDatasource.swift; sourceTree = "<group>"; };
		621D1F882159B09D007E9AA3 /* HTTPClient.swift */ = {isa = PBXFileReference; lastKnownFileType = sourcecode.swift; path = HTTPClient.swift; sourceTree = "<group>"; };
		621D1F8A2159B1A9007E9AA3 /* TonsserApi.swift */ = {isa = PBXFileReference; lastKnownFileType = sourcecode.swift; path = TonsserApi.swift; sourceTree = "<group>"; };
		621D1F8F215AD617007E9AA3 /* User.swift */ = {isa = PBXFileReference; lastKnownFileType = sourcecode.swift; path = User.swift; sourceTree = "<group>"; };
		629DA8C4215C4F4C007E44C2 /* TonsserProfileViewController.swift */ = {isa = PBXFileReference; lastKnownFileType = sourcecode.swift; path = TonsserProfileViewController.swift; sourceTree = "<group>"; };
		629DA8C6215FA4A1007E44C2 /* Team.swift */ = {isa = PBXFileReference; lastKnownFileType = sourcecode.swift; path = Team.swift; sourceTree = "<group>"; };
		62F62BAD2150436600C80070 /* Tonsser.app */ = {isa = PBXFileReference; explicitFileType = wrapper.application; includeInIndex = 0; path = Tonsser.app; sourceTree = BUILT_PRODUCTS_DIR; };
		62F62BB02150436600C80070 /* AppDelegate.swift */ = {isa = PBXFileReference; lastKnownFileType = sourcecode.swift; path = AppDelegate.swift; sourceTree = "<group>"; };
		62F62BB52150436600C80070 /* Base */ = {isa = PBXFileReference; lastKnownFileType = file.storyboard; name = Base; path = Base.lproj/Main.storyboard; sourceTree = "<group>"; };
		62F62BB72150436700C80070 /* Assets.xcassets */ = {isa = PBXFileReference; lastKnownFileType = folder.assetcatalog; path = Assets.xcassets; sourceTree = "<group>"; };
		62F62BBA2150436700C80070 /* Base */ = {isa = PBXFileReference; lastKnownFileType = file.storyboard; name = Base; path = Base.lproj/LaunchScreen.storyboard; sourceTree = "<group>"; };
		62F62BBC2150436700C80070 /* Info.plist */ = {isa = PBXFileReference; lastKnownFileType = text.plist.xml; path = Info.plist; sourceTree = "<group>"; };
		62F62BD021504D3000C80070 /* Podfile */ = {isa = PBXFileReference; fileEncoding = 4; lastKnownFileType = text; path = Podfile; sourceTree = "<group>"; xcLanguageSpecificationIdentifier = xcode.lang.ruby; };
/* End PBXFileReference section */

/* Begin PBXFrameworksBuildPhase section */
		62F62BAA2150436600C80070 /* Frameworks */ = {
			isa = PBXFrameworksBuildPhase;
			buildActionMask = 2147483647;
			files = (
				AAE1CB533D197751014F5400 /* Pods_Tonsser.framework in Frameworks */,
			);
			runOnlyForDeploymentPostprocessing = 0;
		};
/* End PBXFrameworksBuildPhase section */

/* Begin PBXGroup section */
		394FBBC7F95BD79E88957346 /* Frameworks */ = {
			isa = PBXGroup;
			children = (
				2058C1586DE0D3EFC1C47A3B /* Pods_Tonsser.framework */,
			);
			name = Frameworks;
			sourceTree = "<group>";
		};
		621D1F8C215AD5A2007E9AA3 /* Services */ = {
			isa = PBXGroup;
			children = (
				621D1F882159B09D007E9AA3 /* HTTPClient.swift */,
				621D1F8A2159B1A9007E9AA3 /* TonsserApi.swift */,
			);
			path = Services;
			sourceTree = "<group>";
		};
		621D1F8D215AD5CA007E9AA3 /* Stories */ = {
			isa = PBXGroup;
			children = (
				621D1F8E215AD5D0007E9AA3 /* Tonsser Followers */,
				629DA8C3215C4F2A007E44C2 /* User Profile */,
			);
			path = Stories;
			sourceTree = "<group>";
		};
		621D1F8E215AD5D0007E9AA3 /* Tonsser Followers */ = {
			isa = PBXGroup;
			children = (
				621D1F8F215AD617007E9AA3 /* User.swift */,
				621D1F862159AA5F007E9AA3 /* FollowersDatasource.swift */,
				621D1F8221586492007E9AA3 /* FollowersViewController.swift */,
				621D1F8421586A80007E9AA3 /* FollowerTableViewCell.swift */,
			);
			path = "Tonsser Followers";
			sourceTree = "<group>";
		};
		621D1F94215ADDB4007E9AA3 /* App */ = {
			isa = PBXGroup;
			children = (
				62F62BB02150436600C80070 /* AppDelegate.swift */,
				62F62BB42150436600C80070 /* Main.storyboard */,
				62F62BB72150436700C80070 /* Assets.xcassets */,
				62F62BB92150436700C80070 /* LaunchScreen.storyboard */,
				62F62BBC2150436700C80070 /* Info.plist */,
			);
			name = App;
			path = "New Group";
			sourceTree = "<group>";
		};
		629DA8C3215C4F2A007E44C2 /* User Profile */ = {
			isa = PBXGroup;
			children = (
				629DA8C4215C4F4C007E44C2 /* TonsserProfileViewController.swift */,
				629DA8C6215FA4A1007E44C2 /* Team.swift */,
			);
			path = "User Profile";
			sourceTree = "<group>";
		};
		62F62BA42150436600C80070 = {
			isa = PBXGroup;
			children = (
				62F62BD021504D3000C80070 /* Podfile */,
				62F62BAF2150436600C80070 /* Tonsser */,
				62F62BAE2150436600C80070 /* Products */,
				8A4884AFB0D63053C2FB2B89 /* Pods */,
				394FBBC7F95BD79E88957346 /* Frameworks */,
			);
			sourceTree = "<group>";
		};
		62F62BAE2150436600C80070 /* Products */ = {
			isa = PBXGroup;
			children = (
				62F62BAD2150436600C80070 /* Tonsser.app */,
			);
			name = Products;
			sourceTree = "<group>";
		};
		62F62BAF2150436600C80070 /* Tonsser */ = {
			isa = PBXGroup;
			children = (
				621D1F94215ADDB4007E9AA3 /* App */,
				621D1F8D215AD5CA007E9AA3 /* Stories */,
				621D1F8C215AD5A2007E9AA3 /* Services */,
			);
			path = Tonsser;
			sourceTree = "<group>";
		};
		8A4884AFB0D63053C2FB2B89 /* Pods */ = {
			isa = PBXGroup;
			children = (
				5EB09B3F691746A0708BB7B1 /* Pods-Tonsser.debug.xcconfig */,
				1BD785AA449B7BA233186B00 /* Pods-Tonsser.release.xcconfig */,
			);
			name = Pods;
			sourceTree = "<group>";
		};
/* End PBXGroup section */

/* Begin PBXNativeTarget section */
		62F62BAC2150436600C80070 /* Tonsser */ = {
			isa = PBXNativeTarget;
			buildConfigurationList = 62F62BBF2150436700C80070 /* Build configuration list for PBXNativeTarget "Tonsser" */;
			buildPhases = (
				EBBD8C612B70BE4C892EE263 /* [CP] Check Pods Manifest.lock */,
				62F62BA92150436600C80070 /* Sources */,
				62F62BAA2150436600C80070 /* Frameworks */,
				62F62BAB2150436600C80070 /* Resources */,
				FB4D21012D96A24051B11136 /* [CP] Embed Pods Frameworks */,
			);
			buildRules = (
			);
			dependencies = (
			);
			name = Tonsser;
			productName = Tonsser;
			productReference = 62F62BAD2150436600C80070 /* Tonsser.app */;
			productType = "com.apple.product-type.application";
		};
/* End PBXNativeTarget section */

/* Begin PBXProject section */
		62F62BA52150436600C80070 /* Project object */ = {
			isa = PBXProject;
			attributes = {
				LastSwiftUpdateCheck = 0940;
				LastUpgradeCheck = 0940;
				ORGANIZATIONNAME = jpcarreira;
				TargetAttributes = {
					62F62BAC2150436600C80070 = {
						CreatedOnToolsVersion = 9.4.1;
					};
				};
			};
			buildConfigurationList = 62F62BA82150436600C80070 /* Build configuration list for PBXProject "Tonsser" */;
			compatibilityVersion = "Xcode 9.3";
			developmentRegion = en;
			hasScannedForEncodings = 0;
			knownRegions = (
				en,
				Base,
			);
			mainGroup = 62F62BA42150436600C80070;
			productRefGroup = 62F62BAE2150436600C80070 /* Products */;
			projectDirPath = "";
			projectRoot = "";
			targets = (
				62F62BAC2150436600C80070 /* Tonsser */,
			);
		};
/* End PBXProject section */

/* Begin PBXResourcesBuildPhase section */
		62F62BAB2150436600C80070 /* Resources */ = {
			isa = PBXResourcesBuildPhase;
			buildActionMask = 2147483647;
			files = (
				62F62BBB2150436700C80070 /* LaunchScreen.storyboard in Resources */,
				62F62BB82150436700C80070 /* Assets.xcassets in Resources */,
				62F62BD121504D3000C80070 /* Podfile in Resources */,
				62F62BB62150436600C80070 /* Main.storyboard in Resources */,
			);
			runOnlyForDeploymentPostprocessing = 0;
		};
/* End PBXResourcesBuildPhase section */

/* Begin PBXShellScriptBuildPhase section */
		EBBD8C612B70BE4C892EE263 /* [CP] Check Pods Manifest.lock */ = {
			isa = PBXShellScriptBuildPhase;
			buildActionMask = 2147483647;
			files = (
			);
			inputPaths = (
				"${PODS_PODFILE_DIR_PATH}/Podfile.lock",
				"${PODS_ROOT}/Manifest.lock",
			);
			name = "[CP] Check Pods Manifest.lock";
			outputPaths = (
				"$(DERIVED_FILE_DIR)/Pods-Tonsser-checkManifestLockResult.txt",
			);
			runOnlyForDeploymentPostprocessing = 0;
			shellPath = /bin/sh;
			shellScript = "diff \"${PODS_PODFILE_DIR_PATH}/Podfile.lock\" \"${PODS_ROOT}/Manifest.lock\" > /dev/null\nif [ $? != 0 ] ; then\n    # print error to STDERR\n    echo \"error: The sandbox is not in sync with the Podfile.lock. Run 'pod install' or update your CocoaPods installation.\" >&2\n    exit 1\nfi\n# This output is used by Xcode 'outputs' to avoid re-running this script phase.\necho \"SUCCESS\" > \"${SCRIPT_OUTPUT_FILE_0}\"\n";
			showEnvVarsInLog = 0;
		};
		FB4D21012D96A24051B11136 /* [CP] Embed Pods Frameworks */ = {
			isa = PBXShellScriptBuildPhase;
			buildActionMask = 2147483647;
			files = (
			);
			inputPaths = (
				"${SRCROOT}/Pods/Target Support Files/Pods-Tonsser/Pods-Tonsser-frameworks.sh",
				"${BUILT_PRODUCTS_DIR}/Kingfisher/Kingfisher.framework",
				"${BUILT_PRODUCTS_DIR}/RxCocoa/RxCocoa.framework",
				"${BUILT_PRODUCTS_DIR}/RxSwift/RxSwift.framework",
			);
			name = "[CP] Embed Pods Frameworks";
			outputPaths = (
				"${TARGET_BUILD_DIR}/${FRAMEWORKS_FOLDER_PATH}/Kingfisher.framework",
				"${TARGET_BUILD_DIR}/${FRAMEWORKS_FOLDER_PATH}/RxCocoa.framework",
				"${TARGET_BUILD_DIR}/${FRAMEWORKS_FOLDER_PATH}/RxSwift.framework",
			);
			runOnlyForDeploymentPostprocessing = 0;
			shellPath = /bin/sh;
			shellScript = "\"${SRCROOT}/Pods/Target Support Files/Pods-Tonsser/Pods-Tonsser-frameworks.sh\"\n";
			showEnvVarsInLog = 0;
		};
/* End PBXShellScriptBuildPhase section */

/* Begin PBXSourcesBuildPhase section */
		62F62BA92150436600C80070 /* Sources */ = {
			isa = PBXSourcesBuildPhase;
			buildActionMask = 2147483647;
			files = (
				629DA8C7215FA4A1007E44C2 /* Team.swift in Sources */,
				621D1F872159AA5F007E9AA3 /* FollowersDatasource.swift in Sources */,
				621D1F90215AD617007E9AA3 /* User.swift in Sources */,
				621D1F892159B09D007E9AA3 /* HTTPClient.swift in Sources */,
				621D1F8321586492007E9AA3 /* FollowersViewController.swift in Sources */,
				621D1F8B2159B1A9007E9AA3 /* TonsserApi.swift in Sources */,
				62F62BB12150436600C80070 /* AppDelegate.swift in Sources */,
				621D1F8521586A80007E9AA3 /* FollowerTableViewCell.swift in Sources */,
				629DA8C5215C4F4C007E44C2 /* TonsserProfileViewController.swift in Sources */,
			);
			runOnlyForDeploymentPostprocessing = 0;
		};
/* End PBXSourcesBuildPhase section */

/* Begin PBXVariantGroup section */
		62F62BB42150436600C80070 /* Main.storyboard */ = {
			isa = PBXVariantGroup;
			children = (
				62F62BB52150436600C80070 /* Base */,
			);
			name = Main.storyboard;
			sourceTree = "<group>";
		};
		62F62BB92150436700C80070 /* LaunchScreen.storyboard */ = {
			isa = PBXVariantGroup;
			children = (
				62F62BBA2150436700C80070 /* Base */,
			);
			name = LaunchScreen.storyboard;
			sourceTree = "<group>";
		};
/* End PBXVariantGroup section */

/* Begin XCBuildConfiguration section */
		62F62BBD2150436700C80070 /* Debug */ = {
			isa = XCBuildConfiguration;
			buildSettings = {
				ALWAYS_SEARCH_USER_PATHS = NO;
				CLANG_ANALYZER_NONNULL = YES;
				CLANG_ANALYZER_NUMBER_OBJECT_CONVERSION = YES_AGGRESSIVE;
				CLANG_CXX_LANGUAGE_STANDARD = "gnu++14";
				CLANG_CXX_LIBRARY = "libc++";
				CLANG_ENABLE_MODULES = YES;
				CLANG_ENABLE_OBJC_ARC = YES;
				CLANG_ENABLE_OBJC_WEAK = YES;
				CLANG_WARN_BLOCK_CAPTURE_AUTORELEASING = YES;
				CLANG_WARN_BOOL_CONVERSION = YES;
				CLANG_WARN_COMMA = YES;
				CLANG_WARN_CONSTANT_CONVERSION = YES;
				CLANG_WARN_DEPRECATED_OBJC_IMPLEMENTATIONS = YES;
				CLANG_WARN_DIRECT_OBJC_ISA_USAGE = YES_ERROR;
				CLANG_WARN_DOCUMENTATION_COMMENTS = YES;
				CLANG_WARN_EMPTY_BODY = YES;
				CLANG_WARN_ENUM_CONVERSION = YES;
				CLANG_WARN_INFINITE_RECURSION = YES;
				CLANG_WARN_INT_CONVERSION = YES;
				CLANG_WARN_NON_LITERAL_NULL_CONVERSION = YES;
				CLANG_WARN_OBJC_IMPLICIT_RETAIN_SELF = YES;
				CLANG_WARN_OBJC_LITERAL_CONVERSION = YES;
				CLANG_WARN_OBJC_ROOT_CLASS = YES_ERROR;
				CLANG_WARN_RANGE_LOOP_ANALYSIS = YES;
				CLANG_WARN_STRICT_PROTOTYPES = YES;
				CLANG_WARN_SUSPICIOUS_MOVE = YES;
				CLANG_WARN_UNGUARDED_AVAILABILITY = YES_AGGRESSIVE;
				CLANG_WARN_UNREACHABLE_CODE = YES;
				CLANG_WARN__DUPLICATE_METHOD_MATCH = YES;
				CODE_SIGN_IDENTITY = "iPhone Developer";
				COPY_PHASE_STRIP = NO;
				DEBUG_INFORMATION_FORMAT = dwarf;
				ENABLE_STRICT_OBJC_MSGSEND = YES;
				ENABLE_TESTABILITY = YES;
				GCC_C_LANGUAGE_STANDARD = gnu11;
				GCC_DYNAMIC_NO_PIC = NO;
				GCC_NO_COMMON_BLOCKS = YES;
				GCC_OPTIMIZATION_LEVEL = 0;
				GCC_PREPROCESSOR_DEFINITIONS = (
					"DEBUG=1",
					"$(inherited)",
				);
				GCC_WARN_64_TO_32_BIT_CONVERSION = YES;
				GCC_WARN_ABOUT_RETURN_TYPE = YES_ERROR;
				GCC_WARN_UNDECLARED_SELECTOR = YES;
				GCC_WARN_UNINITIALIZED_AUTOS = YES_AGGRESSIVE;
				GCC_WARN_UNUSED_FUNCTION = YES;
				GCC_WARN_UNUSED_VARIABLE = YES;
				IPHONEOS_DEPLOYMENT_TARGET = 11.4;
				MTL_ENABLE_DEBUG_INFO = YES;
				ONLY_ACTIVE_ARCH = YES;
				SDKROOT = iphoneos;
				SWIFT_ACTIVE_COMPILATION_CONDITIONS = DEBUG;
				SWIFT_OPTIMIZATION_LEVEL = "-Onone";
			};
			name = Debug;
		};
		62F62BBE2150436700C80070 /* Release */ = {
			isa = XCBuildConfiguration;
			buildSettings = {
				ALWAYS_SEARCH_USER_PATHS = NO;
				CLANG_ANALYZER_NONNULL = YES;
				CLANG_ANALYZER_NUMBER_OBJECT_CONVERSION = YES_AGGRESSIVE;
				CLANG_CXX_LANGUAGE_STANDARD = "gnu++14";
				CLANG_CXX_LIBRARY = "libc++";
				CLANG_ENABLE_MODULES = YES;
				CLANG_ENABLE_OBJC_ARC = YES;
				CLANG_ENABLE_OBJC_WEAK = YES;
				CLANG_WARN_BLOCK_CAPTURE_AUTORELEASING = YES;
				CLANG_WARN_BOOL_CONVERSION = YES;
				CLANG_WARN_COMMA = YES;
				CLANG_WARN_CONSTANT_CONVERSION = YES;
				CLANG_WARN_DEPRECATED_OBJC_IMPLEMENTATIONS = YES;
				CLANG_WARN_DIRECT_OBJC_ISA_USAGE = YES_ERROR;
				CLANG_WARN_DOCUMENTATION_COMMENTS = YES;
				CLANG_WARN_EMPTY_BODY = YES;
				CLANG_WARN_ENUM_CONVERSION = YES;
				CLANG_WARN_INFINITE_RECURSION = YES;
				CLANG_WARN_INT_CONVERSION = YES;
				CLANG_WARN_NON_LITERAL_NULL_CONVERSION = YES;
				CLANG_WARN_OBJC_IMPLICIT_RETAIN_SELF = YES;
				CLANG_WARN_OBJC_LITERAL_CONVERSION = YES;
				CLANG_WARN_OBJC_ROOT_CLASS = YES_ERROR;
				CLANG_WARN_RANGE_LOOP_ANALYSIS = YES;
				CLANG_WARN_STRICT_PROTOTYPES = YES;
				CLANG_WARN_SUSPICIOUS_MOVE = YES;
				CLANG_WARN_UNGUARDED_AVAILABILITY = YES_AGGRESSIVE;
				CLANG_WARN_UNREACHABLE_CODE = YES;
				CLANG_WARN__DUPLICATE_METHOD_MATCH = YES;
				CODE_SIGN_IDENTITY = "iPhone Developer";
				COPY_PHASE_STRIP = NO;
				DEBUG_INFORMATION_FORMAT = "dwarf-with-dsym";
				ENABLE_NS_ASSERTIONS = NO;
				ENABLE_STRICT_OBJC_MSGSEND = YES;
				GCC_C_LANGUAGE_STANDARD = gnu11;
				GCC_NO_COMMON_BLOCKS = YES;
				GCC_WARN_64_TO_32_BIT_CONVERSION = YES;
				GCC_WARN_ABOUT_RETURN_TYPE = YES_ERROR;
				GCC_WARN_UNDECLARED_SELECTOR = YES;
				GCC_WARN_UNINITIALIZED_AUTOS = YES_AGGRESSIVE;
				GCC_WARN_UNUSED_FUNCTION = YES;
				GCC_WARN_UNUSED_VARIABLE = YES;
				IPHONEOS_DEPLOYMENT_TARGET = 11.4;
				MTL_ENABLE_DEBUG_INFO = NO;
				SDKROOT = iphoneos;
				SWIFT_COMPILATION_MODE = wholemodule;
				SWIFT_OPTIMIZATION_LEVEL = "-O";
				VALIDATE_PRODUCT = YES;
			};
			name = Release;
		};
		62F62BC02150436700C80070 /* Debug */ = {
			isa = XCBuildConfiguration;
			baseConfigurationReference = 5EB09B3F691746A0708BB7B1 /* Pods-Tonsser.debug.xcconfig */;
			buildSettings = {
				ASSETCATALOG_COMPILER_APPICON_NAME = AppIcon;
				CODE_SIGN_STYLE = Automatic;
				INFOPLIST_FILE = "$(SRCROOT)/Tonsser/New Group/Info.plist";
				LD_RUNPATH_SEARCH_PATHS = (
					"$(inherited)",
					"@executable_path/Frameworks",
				);
				PRODUCT_BUNDLE_IDENTIFIER = com.jpcarreira.Tonsser;
				PRODUCT_NAME = "$(TARGET_NAME)";
				SWIFT_VERSION = 4.0;
				TARGETED_DEVICE_FAMILY = "1,2";
			};
			name = Debug;
		};
		62F62BC12150436700C80070 /* Release */ = {
			isa = XCBuildConfiguration;
			baseConfigurationReference = 1BD785AA449B7BA233186B00 /* Pods-Tonsser.release.xcconfig */;
			buildSettings = {
				ASSETCATALOG_COMPILER_APPICON_NAME = AppIcon;
				CODE_SIGN_STYLE = Automatic;
				INFOPLIST_FILE = "$(SRCROOT)/Tonsser/New Group/Info.plist";
				LD_RUNPATH_SEARCH_PATHS = (
					"$(inherited)",
					"@executable_path/Frameworks",
				);
				PRODUCT_BUNDLE_IDENTIFIER = com.jpcarreira.Tonsser;
				PRODUCT_NAME = "$(TARGET_NAME)";
				SWIFT_VERSION = 4.0;
				TARGETED_DEVICE_FAMILY = "1,2";
			};
			name = Release;
		};
/* End XCBuildConfiguration section */

/* Begin XCConfigurationList section */
		62F62BA82150436600C80070 /* Build configuration list for PBXProject "Tonsser" */ = {
			isa = XCConfigurationList;
			buildConfigurations = (
				62F62BBD2150436700C80070 /* Debug */,
				62F62BBE2150436700C80070 /* Release */,
			);
			defaultConfigurationIsVisible = 0;
			defaultConfigurationName = Release;
		};
		62F62BBF2150436700C80070 /* Build configuration list for PBXNativeTarget "Tonsser" */ = {
			isa = XCConfigurationList;
			buildConfigurations = (
				62F62BC02150436700C80070 /* Debug */,
				62F62BC12150436700C80070 /* Release */,
			);
			defaultConfigurationIsVisible = 0;
			defaultConfigurationName = Release;
		};
/* End XCConfigurationList section */
	};
	rootObject = 62F62BA52150436600C80070 /* Project object */;
}
